{
  "version": 4,
  "terraform_version": "0.12.29",
  "serial": 230,
  "lineage": "7a5a7ced-f441-a90d-2147-1e8ff3e1adf4",
  "outputs": {},
  "resources": [
    {
      "module": "module.app_tier",
      "mode": "data",
      "type": "template_file",
      "name": "initapp",
      "provider": "provider.template",
      "instances": [
        {
          "schema_version": 0,
          "attributes": {
            "filename": null,
            "id": "a19a888eb73529bd9a015906f9b56d1f714111301b9ef326fc743177059e8899",
            "rendered": "#!/bin/bash\r\nexport DB_HOST=\"mongodb://41.0.2.99:27017/posts\"\r\n\r\ncd /home/ubuntu/web-app\r\nnpm install\r\npm2 start app.js\r\n\r\nsudo rm /etc/nginx/sites-enabled/default\r\nsudo systemctl restart nginx\r\n\r\nnode seeds/seed.js",
            "template": "#!/bin/bash\r\nexport DB_HOST=\"mongodb://${db_host}:27017/posts\"\r\n\r\ncd /home/ubuntu/web-app\r\nnpm install\r\npm2 start app.js\r\n\r\nsudo rm /etc/nginx/sites-enabled/default\r\nsudo systemctl restart nginx\r\n\r\nnode seeds/seed.js",
            "vars": {
              "db_host": "41.0.2.99"
            }
          }
        }
      ]
    },
    {
      "module": "module.db_tier",
      "mode": "managed",
      "type": "aws_instance",
      "name": "DB",
      "provider": "provider.aws",
      "instances": [
        {
          "schema_version": 1,
          "attributes": {
            "ami": "ami-03b13f993274ce14a",
            "arn": "arn:aws:ec2:eu-west-1:135928476890:instance/i-0791d81b6e36c72ef",
            "associate_public_ip_address": true,
            "availability_zone": "eu-west-1b",
            "cpu_core_count": 1,
            "cpu_threads_per_core": 1,
            "credit_specification": [
              {
                "cpu_credits": "standard"
              }
            ],
            "disable_api_termination": false,
            "ebs_block_device": [],
            "ebs_optimized": false,
            "ephemeral_block_device": [],
            "get_password_data": false,
            "hibernation": false,
            "host_id": null,
            "iam_instance_profile": "",
            "id": "i-0791d81b6e36c72ef",
            "instance_initiated_shutdown_behavior": null,
            "instance_state": "running",
            "instance_type": "t2.micro",
            "ipv6_address_count": 0,
            "ipv6_addresses": [],
            "key_name": "",
            "metadata_options": [
              {
                "http_endpoint": "enabled",
                "http_put_response_hop_limit": 1,
                "http_tokens": "optional"
              }
            ],
            "monitoring": false,
            "network_interface": [],
            "network_interface_id": null,
            "outpost_arn": "",
            "password_data": "",
            "placement_group": "",
            "primary_network_interface_id": "eni-0ce3a12cc8636133c",
            "private_dns": "ip-41-0-2-99.eu-west-1.compute.internal",
            "private_ip": "41.0.2.99",
            "public_dns": "",
            "public_ip": "34.254.159.200",
            "root_block_device": [
              {
                "delete_on_termination": true,
                "device_name": "/dev/sda1",
                "encrypted": false,
                "iops": 100,
                "kms_key_id": "",
                "volume_id": "vol-0952613c7c3956fac",
                "volume_size": 8,
                "volume_type": "gp2"
              }
            ],
            "security_groups": [],
            "source_dest_check": true,
            "subnet_id": "subnet-0f5247d57c9202241",
            "tags": {
              "Name": "Eng57.PC.db"
            },
            "tenancy": "default",
            "timeouts": null,
            "user_data": null,
            "user_data_base64": null,
            "volume_tags": {},
            "vpc_security_group_ids": [
              "sg-0a1d1343faede859d"
            ]
          },
          "private": "eyJlMmJmYjczMC1lY2FhLTExZTYtOGY4OC0zNDM2M2JjN2M0YzAiOnsiY3JlYXRlIjo2MDAwMDAwMDAwMDAsImRlbGV0ZSI6MTIwMDAwMDAwMDAwMCwidXBkYXRlIjo2MDAwMDAwMDAwMDB9LCJzY2hlbWFfdmVyc2lvbiI6IjEifQ==",
          "dependencies": [
            "aws_vpc.mainvpc",
            "module.app_tier.aws_security_group.sgapp",
            "module.db_tier.aws_security_group.sgdb",
            "module.db_tier.aws_subnet.subprivate"
          ]
        }
      ]
    },
    {
      "module": "module.app_tier",
      "mode": "managed",
      "type": "aws_instance",
      "name": "Web",
      "provider": "provider.aws",
      "instances": [
        {
          "schema_version": 1,
          "attributes": {
            "ami": "ami-00b48f09c568b0014",
            "arn": "arn:aws:ec2:eu-west-1:135928476890:instance/i-078a2fe37883c250d",
            "associate_public_ip_address": true,
            "availability_zone": "eu-west-1b",
            "cpu_core_count": 1,
            "cpu_threads_per_core": 1,
            "credit_specification": [
              {
                "cpu_credits": "standard"
              }
            ],
            "disable_api_termination": false,
            "ebs_block_device": [],
            "ebs_optimized": false,
            "ephemeral_block_device": [],
            "get_password_data": false,
            "hibernation": false,
            "host_id": null,
            "iam_instance_profile": "",
            "id": "i-078a2fe37883c250d",
            "instance_initiated_shutdown_behavior": null,
            "instance_state": "running",
            "instance_type": "t2.micro",
            "ipv6_address_count": 0,
            "ipv6_addresses": [],
            "key_name": "",
            "metadata_options": [
              {
                "http_endpoint": "enabled",
                "http_put_response_hop_limit": 1,
                "http_tokens": "optional"
              }
            ],
            "monitoring": false,
            "network_interface": [],
            "network_interface_id": null,
            "outpost_arn": "",
            "password_data": "",
            "placement_group": "",
            "primary_network_interface_id": "eni-05d4d33e7bd5bc67e",
            "private_dns": "ip-41-0-1-59.eu-west-1.compute.internal",
            "private_ip": "41.0.1.59",
            "public_dns": "",
            "public_ip": "34.243.242.129",
            "root_block_device": [
              {
                "delete_on_termination": true,
                "device_name": "/dev/sda1",
                "encrypted": false,
                "iops": 100,
                "kms_key_id": "",
                "volume_id": "vol-0658e842164281092",
                "volume_size": 8,
                "volume_type": "gp2"
              }
            ],
            "security_groups": [],
            "source_dest_check": true,
            "subnet_id": "subnet-0dfacc791d27e3543",
            "tags": {
              "Name": "Eng57.PC.app"
            },
            "tenancy": "default",
            "timeouts": null,
            "user_data": "01dd2de512c0af1a9f697279df337cdd27311bfb",
            "user_data_base64": null,
            "volume_tags": {},
            "vpc_security_group_ids": [
              "sg-07fac3ab678d9ada9"
            ]
          },
          "private": "eyJlMmJmYjczMC1lY2FhLTExZTYtOGY4OC0zNDM2M2JjN2M0YzAiOnsiY3JlYXRlIjo2MDAwMDAwMDAwMDAsImRlbGV0ZSI6MTIwMDAwMDAwMDAwMCwidXBkYXRlIjo2MDAwMDAwMDAwMDB9LCJzY2hlbWFfdmVyc2lvbiI6IjEifQ==",
          "dependencies": [
            "aws_vpc.mainvpc",
            "module.app_tier.aws_security_group.sgapp",
            "module.app_tier.aws_subnet.subpublic",
            "module.db_tier.aws_instance.DB",
            "module.db_tier.aws_security_group.sgdb",
            "module.db_tier.aws_subnet.subprivate"
          ]
        }
      ]
    },
    {
      "mode": "managed",
      "type": "aws_internet_gateway",
      "name": "gw",
      "provider": "provider.aws",
      "instances": [
        {
          "schema_version": 0,
          "attributes": {
            "arn": "arn:aws:ec2:eu-west-1:135928476890:internet-gateway/igw-09327bfb9357dba7a",
            "id": "igw-09327bfb9357dba7a",
            "owner_id": "135928476890",
            "tags": {
              "Name": "Eng57.PC.igw"
            },
            "vpc_id": "vpc-0fafe8573525f45ff"
          },
          "private": "bnVsbA==",
          "dependencies": [
            "aws_vpc.mainvpc"
          ]
        }
      ]
    },
    {
      "module": "module.db_tier",
      "mode": "managed",
      "type": "aws_network_acl",
      "name": "naclprivate",
      "provider": "provider.aws",
      "instances": [
        {
          "schema_version": 0,
          "attributes": {
            "arn": "arn:aws:ec2:eu-west-1:135928476890:network-acl/acl-044885fa0f846deca",
            "egress": [
              {
                "action": "allow",
                "cidr_block": "41.0.1.0/24",
                "from_port": 1024,
                "icmp_code": null,
                "icmp_type": null,
                "ipv6_cidr_block": "",
                "protocol": "tcp",
                "rule_no": 120,
                "to_port": 65535
              }
            ],
            "id": "acl-044885fa0f846deca",
            "ingress": [
              {
                "action": "allow",
                "cidr_block": "41.0.1.0/24",
                "from_port": 27017,
                "icmp_code": null,
                "icmp_type": null,
                "ipv6_cidr_block": "",
                "protocol": "tcp",
                "rule_no": 100,
                "to_port": 27017
              }
            ],
            "owner_id": "135928476890",
            "subnet_id": null,
            "subnet_ids": [
              "subnet-0f5247d57c9202241"
            ],
            "tags": null,
            "vpc_id": "vpc-0fafe8573525f45ff"
          },
          "private": "bnVsbA==",
          "dependencies": [
            "aws_vpc.mainvpc",
            "module.app_tier.aws_subnet.subpublic",
            "module.db_tier.aws_subnet.subprivate"
          ]
        }
      ]
    },
    {
      "module": "module.app_tier",
      "mode": "managed",
      "type": "aws_network_acl",
      "name": "naclpublic",
      "provider": "provider.aws",
      "instances": [
        {
          "schema_version": 0,
          "attributes": {
            "arn": "arn:aws:ec2:eu-west-1:135928476890:network-acl/acl-0c88aba32a6acec6b",
            "egress": [
              {
                "action": "allow",
                "cidr_block": "0.0.0.0/0",
                "from_port": 1024,
                "icmp_code": null,
                "icmp_type": null,
                "ipv6_cidr_block": "",
                "protocol": "tcp",
                "rule_no": 120,
                "to_port": 65535
              },
              {
                "action": "allow",
                "cidr_block": "0.0.0.0/0",
                "from_port": 80,
                "icmp_code": null,
                "icmp_type": null,
                "ipv6_cidr_block": "",
                "protocol": "tcp",
                "rule_no": 100,
                "to_port": 80
              },
              {
                "action": "allow",
                "cidr_block": "90.214.12.144/32",
                "from_port": 22,
                "icmp_code": null,
                "icmp_type": null,
                "ipv6_cidr_block": "",
                "protocol": "tcp",
                "rule_no": 130,
                "to_port": 22
              }
            ],
            "id": "acl-0c88aba32a6acec6b",
            "ingress": [
              {
                "action": "allow",
                "cidr_block": "0.0.0.0/0",
                "from_port": 1024,
                "icmp_code": null,
                "icmp_type": null,
                "ipv6_cidr_block": "",
                "protocol": "tcp",
                "rule_no": 120,
                "to_port": 65535
              },
              {
                "action": "allow",
                "cidr_block": "0.0.0.0/0",
                "from_port": 80,
                "icmp_code": null,
                "icmp_type": null,
                "ipv6_cidr_block": "",
                "protocol": "tcp",
                "rule_no": 100,
                "to_port": 80
              },
              {
                "action": "allow",
                "cidr_block": "90.214.12.144/32",
                "from_port": 22,
                "icmp_code": null,
                "icmp_type": null,
                "ipv6_cidr_block": "",
                "protocol": "tcp",
                "rule_no": 130,
                "to_port": 22
              }
            ],
            "owner_id": "135928476890",
            "subnet_id": null,
            "subnet_ids": [
              "subnet-0dfacc791d27e3543"
            ],
            "tags": {
              "Name": "Eng57.PC.NACL.public"
            },
            "vpc_id": "vpc-0fafe8573525f45ff"
          },
          "private": "bnVsbA==",
          "dependencies": [
            "aws_vpc.mainvpc",
            "module.app_tier.aws_subnet.subpublic"
          ]
        }
      ]
    },
    {
      "module": "module.app_tier",
      "mode": "managed",
      "type": "aws_route_table",
      "name": "routepublic",
      "provider": "provider.aws",
      "instances": [
        {
          "schema_version": 0,
          "attributes": {
            "id": "rtb-0b8d4747eba093dd9",
            "owner_id": "135928476890",
            "propagating_vgws": [],
            "route": [
              {
                "cidr_block": "0.0.0.0/0",
                "egress_only_gateway_id": "",
                "gateway_id": "igw-09327bfb9357dba7a",
                "instance_id": "",
                "ipv6_cidr_block": "",
                "nat_gateway_id": "",
                "network_interface_id": "",
                "transit_gateway_id": "",
                "vpc_peering_connection_id": ""
              }
            ],
            "tags": {
              "Name": "Eng57.PC.route.public"
            },
            "vpc_id": "vpc-0fafe8573525f45ff"
          },
          "private": "bnVsbA==",
          "dependencies": [
            "aws_internet_gateway.gw",
            "aws_vpc.mainvpc"
          ]
        }
      ]
    },
    {
      "module": "module.app_tier",
      "mode": "managed",
      "type": "aws_route_table_association",
      "name": "routeapp",
      "provider": "provider.aws",
      "instances": [
        {
          "schema_version": 0,
          "attributes": {
            "gateway_id": null,
            "id": "rtbassoc-048cdf4c53a0f79cd",
            "route_table_id": "rtb-0b8d4747eba093dd9",
            "subnet_id": "subnet-0dfacc791d27e3543"
          },
          "private": "bnVsbA==",
          "dependencies": [
            "aws_internet_gateway.gw",
            "aws_vpc.mainvpc",
            "module.app_tier.aws_route_table.routepublic",
            "module.app_tier.aws_subnet.subpublic"
          ]
        }
      ]
    },
    {
      "module": "module.app_tier",
      "mode": "managed",
      "type": "aws_security_group",
      "name": "sgapp",
      "provider": "provider.aws",
      "instances": [
        {
          "schema_version": 1,
          "attributes": {
            "arn": "arn:aws:ec2:eu-west-1:135928476890:security-group/sg-07fac3ab678d9ada9",
            "description": "Allow http and https traffic",
            "egress": [
              {
                "cidr_blocks": [
                  "0.0.0.0/0"
                ],
                "description": "",
                "from_port": 0,
                "ipv6_cidr_blocks": [],
                "prefix_list_ids": [],
                "protocol": "-1",
                "security_groups": [],
                "self": false,
                "to_port": 0
              }
            ],
            "id": "sg-07fac3ab678d9ada9",
            "ingress": [
              {
                "cidr_blocks": [
                  "0.0.0.0/0"
                ],
                "description": "http from VPC",
                "from_port": 80,
                "ipv6_cidr_blocks": [],
                "prefix_list_ids": [],
                "protocol": "tcp",
                "security_groups": [],
                "self": false,
                "to_port": 80
              },
              {
                "cidr_blocks": [
                  "0.0.0.0/0"
                ],
                "description": "https from VPC",
                "from_port": 443,
                "ipv6_cidr_blocks": [],
                "prefix_list_ids": [],
                "protocol": "tcp",
                "security_groups": [],
                "self": false,
                "to_port": 443
              },
              {
                "cidr_blocks": [
                  "0.0.0.0/0"
                ],
                "description": "port 3000 from VPC",
                "from_port": 3000,
                "ipv6_cidr_blocks": [],
                "prefix_list_ids": [],
                "protocol": "tcp",
                "security_groups": [],
                "self": false,
                "to_port": 3000
              },
              {
                "cidr_blocks": [
                  "90.214.12.144/32"
                ],
                "description": "ssh from VPC",
                "from_port": 22,
                "ipv6_cidr_blocks": [],
                "prefix_list_ids": [],
                "protocol": "tcp",
                "security_groups": [],
                "self": false,
                "to_port": 22
              }
            ],
            "name": "app-sg",
            "name_prefix": null,
            "owner_id": "135928476890",
            "revoke_rules_on_delete": false,
            "tags": {
              "Name": "Eng57.PC.SG.App"
            },
            "timeouts": null,
            "vpc_id": "vpc-0fafe8573525f45ff"
          },
          "private": "eyJlMmJmYjczMC1lY2FhLTExZTYtOGY4OC0zNDM2M2JjN2M0YzAiOnsiY3JlYXRlIjo2MDAwMDAwMDAwMDAsImRlbGV0ZSI6NjAwMDAwMDAwMDAwfSwic2NoZW1hX3ZlcnNpb24iOiIxIn0=",
          "dependencies": [
            "aws_vpc.mainvpc"
          ]
        }
      ]
    },
    {
      "module": "module.db_tier",
      "mode": "managed",
      "type": "aws_security_group",
      "name": "sgdb",
      "provider": "provider.aws",
      "instances": [
        {
          "schema_version": 1,
          "attributes": {
            "arn": "arn:aws:ec2:eu-west-1:135928476890:security-group/sg-0a1d1343faede859d",
            "description": "Allow http and https traffic",
            "egress": [
              {
                "cidr_blocks": [
                  "0.0.0.0/0"
                ],
                "description": "",
                "from_port": 0,
                "ipv6_cidr_blocks": [],
                "prefix_list_ids": [],
                "protocol": "-1",
                "security_groups": [],
                "self": false,
                "to_port": 0
              }
            ],
            "id": "sg-0a1d1343faede859d",
            "ingress": [
              {
                "cidr_blocks": [],
                "description": "Mongodb connection",
                "from_port": 27017,
                "ipv6_cidr_blocks": [],
                "prefix_list_ids": [],
                "protocol": "tcp",
                "security_groups": [
                  "sg-07fac3ab678d9ada9"
                ],
                "self": false,
                "to_port": 27017
              }
            ],
            "name": "db-sg",
            "name_prefix": null,
            "owner_id": "135928476890",
            "revoke_rules_on_delete": false,
            "tags": {
              "Name": "Eng57.PC.SG.DB"
            },
            "timeouts": null,
            "vpc_id": "vpc-0fafe8573525f45ff"
          },
          "private": "eyJlMmJmYjczMC1lY2FhLTExZTYtOGY4OC0zNDM2M2JjN2M0YzAiOnsiY3JlYXRlIjo2MDAwMDAwMDAwMDAsImRlbGV0ZSI6NjAwMDAwMDAwMDAwfSwic2NoZW1hX3ZlcnNpb24iOiIxIn0=",
          "dependencies": [
            "aws_vpc.mainvpc",
            "module.app_tier.aws_security_group.sgapp"
          ]
        }
      ]
    },
    {
      "module": "module.db_tier",
      "mode": "managed",
      "type": "aws_subnet",
      "name": "subprivate",
      "provider": "provider.aws",
      "instances": [
        {
          "schema_version": 1,
          "attributes": {
            "arn": "arn:aws:ec2:eu-west-1:135928476890:subnet/subnet-0f5247d57c9202241",
            "assign_ipv6_address_on_creation": false,
            "availability_zone": "eu-west-1b",
            "availability_zone_id": "euw1-az1",
            "cidr_block": "41.0.2.0/24",
            "id": "subnet-0f5247d57c9202241",
            "ipv6_cidr_block": "",
            "ipv6_cidr_block_association_id": "",
            "map_public_ip_on_launch": false,
            "outpost_arn": "",
            "owner_id": "135928476890",
            "tags": {
              "Name": "Eng57.PC.private.sub"
            },
            "timeouts": null,
            "vpc_id": "vpc-0fafe8573525f45ff"
          },
          "private": "eyJlMmJmYjczMC1lY2FhLTExZTYtOGY4OC0zNDM2M2JjN2M0YzAiOnsiY3JlYXRlIjo2MDAwMDAwMDAwMDAsImRlbGV0ZSI6MTIwMDAwMDAwMDAwMH0sInNjaGVtYV92ZXJzaW9uIjoiMSJ9",
          "dependencies": [
            "aws_vpc.mainvpc"
          ]
        }
      ]
    },
    {
      "module": "module.app_tier",
      "mode": "managed",
      "type": "aws_subnet",
      "name": "subpublic",
      "provider": "provider.aws",
      "instances": [
        {
          "schema_version": 1,
          "attributes": {
            "arn": "arn:aws:ec2:eu-west-1:135928476890:subnet/subnet-0dfacc791d27e3543",
            "assign_ipv6_address_on_creation": false,
            "availability_zone": "eu-west-1b",
            "availability_zone_id": "euw1-az1",
            "cidr_block": "41.0.1.0/24",
            "id": "subnet-0dfacc791d27e3543",
            "ipv6_cidr_block": "",
            "ipv6_cidr_block_association_id": "",
            "map_public_ip_on_launch": true,
            "outpost_arn": "",
            "owner_id": "135928476890",
            "tags": {
              "Name": "Eng57.PC.public.sub"
            },
            "timeouts": null,
            "vpc_id": "vpc-0fafe8573525f45ff"
          },
          "private": "eyJlMmJmYjczMC1lY2FhLTExZTYtOGY4OC0zNDM2M2JjN2M0YzAiOnsiY3JlYXRlIjo2MDAwMDAwMDAwMDAsImRlbGV0ZSI6MTIwMDAwMDAwMDAwMH0sInNjaGVtYV92ZXJzaW9uIjoiMSJ9",
          "dependencies": [
            "aws_vpc.mainvpc"
          ]
        }
      ]
    },
    {
      "mode": "managed",
      "type": "aws_vpc",
      "name": "mainvpc",
      "provider": "provider.aws",
      "instances": [
        {
          "schema_version": 1,
          "attributes": {
            "arn": "arn:aws:ec2:eu-west-1:135928476890:vpc/vpc-0fafe8573525f45ff",
            "assign_generated_ipv6_cidr_block": false,
            "cidr_block": "41.0.0.0/16",
            "default_network_acl_id": "acl-05cc375be1ad7262d",
            "default_route_table_id": "rtb-0266b053009c51626",
            "default_security_group_id": "sg-045a2365b33eb84c3",
            "dhcp_options_id": "dopt-18d5d77d",
            "enable_classiclink": false,
            "enable_classiclink_dns_support": false,
            "enable_dns_hostnames": false,
            "enable_dns_support": true,
            "id": "vpc-0fafe8573525f45ff",
            "instance_tenancy": "default",
            "ipv6_association_id": "",
            "ipv6_cidr_block": "",
            "main_route_table_id": "rtb-0266b053009c51626",
            "owner_id": "135928476890",
            "tags": {
              "Name": "Eng57.PC.vpc"
            }
          },
          "private": "eyJzY2hlbWFfdmVyc2lvbiI6IjEifQ=="
        }
      ]
    }
  ]
}
